
Microsoft Visual Studio Solution File, Format Version 12.00
# Visual Studio Version 16
VisualStudioVersion = 16.0.31624.102
MinimumVisualStudioVersion = 10.0.40219.1
Project("{9A19103F-16F7-4668-BE54-9A1E7A4F7556}") = "Showsatron", "Showsatron\Showsatron.csproj", "{C3DCDA76-614C-4493-A6AA-696B42006330}"
EndProject
Project("{2150E333-8FDC-42A3-9474-1A3956D46DE8}") = "Solution Items", "Solution Items", "{A1ABB2A3-B5AC-4E19-A8EE-24504169DA04}"
	ProjectSection(SolutionItems) = preProject
		README.md = README.md
	EndProjectSection
EndProject
Project("{FAE04EC0-301F-11D3-BF4B-00C04F79EFBC}") = "ShowsatronTests", "ShowsatronTests\ShowsatronTests.csproj", "{A9B4F818-2702-4DD6-AC5F-CF376D0BA2B9}"
EndProject
Global
	GlobalSection(SolutionConfigurationPlatforms) = preSolution
		Debug|Any CPU = Debug|Any CPU
		Release|Any CPU = Release|Any CPU
	EndGlobalSection
	GlobalSection(ProjectConfigurationPlatforms) = postSolution
		{C3DCDA76-614C-4493-A6AA-696B42006330}.Debug|Any CPU.ActiveCfg = Debug|Any CPU
		{C3DCDA76-614C-4493-A6AA-696B42006330}.Debug|Any CPU.Build.0 = Debug|Any CPU
		{C3DCDA76-614C-4493-A6AA-696B42006330}.Release|Any CPU.ActiveCfg = Release|Any CPU
		{C3DCDA76-614C-4493-A6AA-696B42006330}.Release|Any CPU.Build.0 = Release|Any CPU
		{A9B4F818-2702-4DD6-AC5F-CF376D0BA2B9}.Debug|Any CPU.ActiveCfg = Debug|Any CPU
		{A9B4F818-2702-4DD6-AC5F-CF376D0BA2B9}.Debug|Any CPU.Build.0 = Debug|Any CPU
		{A9B4F818-2702-4DD6-AC5F-CF376D0BA2B9}.Release|Any CPU.ActiveCfg = Release|Any CPU
		{A9B4F818-2702-4DD6-AC5F-CF376D0BA2B9}.Release|Any CPU.Build.0 = Release|Any CPU
	EndGlobalSection
	GlobalSection(SolutionProperties) = preSolution
		HideSolutionNode = FALSE
	EndGlobalSection
	GlobalSection(ExtensibilityGlobals) = postSolution
		SolutionGuid = {729BB7B3-E3E2-4742-BC2B-50D6D8A2868A}
	EndGlobalSection
EndGlobal
